
Microsoft Visual Studio Solution File, Format Version 12.00
# Visual Studio 15
Project("{FAE04EC0-301F-11D3-BF4B-00C04F79EFBC}") = "Assembly-CSharp", "Assembly-CSharp.csproj", "{1B98045C-074D-5702-CCEF-EE36A3F66A14}"
EndProject
Project("{FAE04EC0-301F-11D3-BF4B-00C04F79EFBC}") = "Assembly-CSharp-Editor", "Assembly-CSharp-Editor.csproj", "{961F3082-152E-229F-DA92-937804E13B2F}"
EndProject
Global
	GlobalSection(SolutionConfigurationPlatforms) = preSolution
		Debug|Any CPU = Debug|Any CPU
		Release|Any CPU = Release|Any CPU
	EndGlobalSection
	GlobalSection(ProjectConfigurationPlatforms) = postSolution
		{1B98045C-074D-5702-CCEF-EE36A3F66A14}.Debug|Any CPU.ActiveCfg = Debug|Any CPU
		{1B98045C-074D-5702-CCEF-EE36A3F66A14}.Debug|Any CPU.Build.0 = Debug|Any CPU
		{1B98045C-074D-5702-CCEF-EE36A3F66A14}.Release|Any CPU.ActiveCfg = Release|Any CPU
		{1B98045C-074D-5702-CCEF-EE36A3F66A14}.Release|Any CPU.Build.0 = Release|Any CPU
		{961F3082-152E-229F-DA92-937804E13B2F}.Debug|Any CPU.ActiveCfg = Debug|Any CPU
		{961F3082-152E-229F-DA92-937804E13B2F}.Debug|Any CPU.Build.0 = Debug|Any CPU
		{961F3082-152E-229F-DA92-937804E13B2F}.Release|Any CPU.ActiveCfg = Release|Any CPU
		{961F3082-152E-229F-DA92-937804E13B2F}.Release|Any CPU.Build.0 = Release|Any CPU
	EndGlobalSection
	GlobalSection(SolutionProperties) = preSolution
		HideSolutionNode = FALSE
	EndGlobalSection
EndGlobal
